
Microsoft Visual Studio Solution File, Format Version 12.00
# Visual Studio Version 16
VisualStudioVersion = 16.0.29215.179
MinimumVisualStudioVersion = 10.0.40219.1
Project("{9A19103F-16F7-4668-BE54-9A1E7A4F7556}") = "MultiGrain.DAL", "MultiGrain.DAL\MultiGrain.DAL.csproj", "{92D93A0D-2A26-4D44-8311-0A62D93EE975}"
EndProject
Project("{9A19103F-16F7-4668-BE54-9A1E7A4F7556}") = "MultiGrain.Common", "MultiGrain.Common\MultiGrain.Common.csproj", "{6EF87F2A-31F4-4708-82FC-80849BA47203}"
EndProject
Project("{9A19103F-16F7-4668-BE54-9A1E7A4F7556}") = "MultiGrain.BLL", "MultiGrain.BLL\MultiGrain.BLL.csproj", "{06288EFF-7E40-4F19-97AC-88EBEC455EBE}"
EndProject
Project("{9A19103F-16F7-4668-BE54-9A1E7A4F7556}") = "MultiGrain.Tests", "MultiGrain.Tests\MultiGrain.Tests.csproj", "{B162EDF3-9FCB-4AB7-97EE-CC29E4CAFB14}"
EndProject
Project("{FAE04EC0-301F-11D3-BF4B-00C04F79EFBC}") = "MultiGrain.Api", "MultiGrain.Api\MultiGrain.Api.csproj", "{D8657713-01D6-4E1E-AC43-81E5784FAFA4}"
EndProject
Global
	GlobalSection(SolutionConfigurationPlatforms) = preSolution
		Debug|Any CPU = Debug|Any CPU
		Release|Any CPU = Release|Any CPU
	EndGlobalSection
	GlobalSection(ProjectConfigurationPlatforms) = postSolution
		{92D93A0D-2A26-4D44-8311-0A62D93EE975}.Debug|Any CPU.ActiveCfg = Debug|Any CPU
		{92D93A0D-2A26-4D44-8311-0A62D93EE975}.Debug|Any CPU.Build.0 = Debug|Any CPU
		{92D93A0D-2A26-4D44-8311-0A62D93EE975}.Release|Any CPU.ActiveCfg = Release|Any CPU
		{92D93A0D-2A26-4D44-8311-0A62D93EE975}.Release|Any CPU.Build.0 = Release|Any CPU
		{6EF87F2A-31F4-4708-82FC-80849BA47203}.Debug|Any CPU.ActiveCfg = Debug|Any CPU
		{6EF87F2A-31F4-4708-82FC-80849BA47203}.Debug|Any CPU.Build.0 = Debug|Any CPU
		{6EF87F2A-31F4-4708-82FC-80849BA47203}.Release|Any CPU.ActiveCfg = Release|Any CPU
		{6EF87F2A-31F4-4708-82FC-80849BA47203}.Release|Any CPU.Build.0 = Release|Any CPU
		{06288EFF-7E40-4F19-97AC-88EBEC455EBE}.Debug|Any CPU.ActiveCfg = Debug|Any CPU
		{06288EFF-7E40-4F19-97AC-88EBEC455EBE}.Debug|Any CPU.Build.0 = Debug|Any CPU
		{06288EFF-7E40-4F19-97AC-88EBEC455EBE}.Release|Any CPU.ActiveCfg = Release|Any CPU
		{06288EFF-7E40-4F19-97AC-88EBEC455EBE}.Release|Any CPU.Build.0 = Release|Any CPU
		{B162EDF3-9FCB-4AB7-97EE-CC29E4CAFB14}.Debug|Any CPU.ActiveCfg = Debug|Any CPU
		{B162EDF3-9FCB-4AB7-97EE-CC29E4CAFB14}.Debug|Any CPU.Build.0 = Debug|Any CPU
		{B162EDF3-9FCB-4AB7-97EE-CC29E4CAFB14}.Release|Any CPU.ActiveCfg = Release|Any CPU
		{B162EDF3-9FCB-4AB7-97EE-CC29E4CAFB14}.Release|Any CPU.Build.0 = Release|Any CPU
		{D8657713-01D6-4E1E-AC43-81E5784FAFA4}.Debug|Any CPU.ActiveCfg = Debug|Any CPU
		{D8657713-01D6-4E1E-AC43-81E5784FAFA4}.Debug|Any CPU.Build.0 = Debug|Any CPU
		{D8657713-01D6-4E1E-AC43-81E5784FAFA4}.Release|Any CPU.ActiveCfg = Release|Any CPU
		{D8657713-01D6-4E1E-AC43-81E5784FAFA4}.Release|Any CPU.Build.0 = Release|Any CPU
	EndGlobalSection
	GlobalSection(SolutionProperties) = preSolution
		HideSolutionNode = FALSE
	EndGlobalSection
	GlobalSection(ExtensibilityGlobals) = postSolution
		SolutionGuid = {10E62848-5175-4B14-9062-70BC7138B532}
	EndGlobalSection
EndGlobal
